
Microsoft Visual Studio Solution File, Format Version 12.00
# Visual Studio 15
VisualStudioVersion = 15.0.28010.2036
MinimumVisualStudioVersion = 10.0.40219.1
Project("{FAE04EC0-301F-11D3-BF4B-00C04F79EFBC}") = "Api1", "Api1\Api1.csproj", "{729C7F3C-E2F9-4D8B-950B-E80C3648AD60}"
EndProject
Project("{FAE04EC0-301F-11D3-BF4B-00C04F79EFBC}") = "Api2", "Api2\Api2.csproj", "{DD40C577-68BB-4321-A067-6145B06E5A42}"
EndProject
Global
	GlobalSection(SolutionConfigurationPlatforms) = preSolution
		Debug|Any CPU = Debug|Any CPU
		Release|Any CPU = Release|Any CPU
	EndGlobalSection
	GlobalSection(ProjectConfigurationPlatforms) = postSolution
		{729C7F3C-E2F9-4D8B-950B-E80C3648AD60}.Debug|Any CPU.ActiveCfg = Debug|Any CPU
		{729C7F3C-E2F9-4D8B-950B-E80C3648AD60}.Debug|Any CPU.Build.0 = Debug|Any CPU
		{729C7F3C-E2F9-4D8B-950B-E80C3648AD60}.Release|Any CPU.ActiveCfg = Release|Any CPU
		{729C7F3C-E2F9-4D8B-950B-E80C3648AD60}.Release|Any CPU.Build.0 = Release|Any CPU
		{DD40C577-68BB-4321-A067-6145B06E5A42}.Debug|Any CPU.ActiveCfg = Debug|Any CPU
		{DD40C577-68BB-4321-A067-6145B06E5A42}.Debug|Any CPU.Build.0 = Debug|Any CPU
		{DD40C577-68BB-4321-A067-6145B06E5A42}.Release|Any CPU.ActiveCfg = Release|Any CPU
		{DD40C577-68BB-4321-A067-6145B06E5A42}.Release|Any CPU.Build.0 = Release|Any CPU
	EndGlobalSection
	GlobalSection(SolutionProperties) = preSolution
		HideSolutionNode = FALSE
	EndGlobalSection
	GlobalSection(ExtensibilityGlobals) = postSolution
		SolutionGuid = {CB8C3B0B-EC55-4EDB-9E5B-461F81430F24}
	EndGlobalSection
EndGlobal
